
Microsoft Visual Studio Solution File, Format Version 12.00
# Visual Studio Version 17
VisualStudioVersion = 17.14.36915.13
MinimumVisualStudioVersion = 10.0.40219.1
Project("{2150E333-8FDC-42A3-9474-1A3956D46DE8}") = "Soluton items", "Soluton items", "{754FC069-D67B-A9D7-50A1-8D1CA196D8F1}"
	ProjectSection(SolutionItems) = preProject
		.editorconfig = .editorconfig
		.gitignore = .gitignore
		Directory.Packages.props = Directory.Packages.props
		.files\wingding-realm-export.json = .files\wingding-realm-export.json
	EndProjectSection
EndProject
Project("{E53339B2-1760-4266-BCC7-CA923CBCF16C}") = "docker-compose", "docker-compose.dcproj", "{C4D3E2F1-A1B2-4C3D-8E9F-0A1B2C3D4E5F}"
EndProject
Project("{2150E333-8FDC-42A3-9474-1A3956D46DE8}") = "src", "src", "{02EA681E-C7D8-13C7-8484-4AC65E1B71E8}"
EndProject
Project("{FAE04EC0-301F-11D3-BF4B-00C04F79EFBC}") = "EventService.Api", "src\EventService\EventService.Api\EventService.Api.csproj", "{9FDF85B4-FD0B-5564-0CA5-18307D97201B}"
EndProject
Project("{FAE04EC0-301F-11D3-BF4B-00C04F79EFBC}") = "EventService.Application", "src\EventService\EventService.Application\EventService.Application.csproj", "{B0BD6ACB-DC6A-B021-366C-597D94D62C83}"
EndProject
Project("{FAE04EC0-301F-11D3-BF4B-00C04F79EFBC}") = "EventService.Contracts", "src\EventService\EventService.Contracts\EventService.Contracts.csproj", "{2A79280E-CA1E-8B09-51ED-AF5A39F8C570}"
EndProject
Project("{FAE04EC0-301F-11D3-BF4B-00C04F79EFBC}") = "EventService.Domain", "src\EventService\EventService.Domain\EventService.Domain.csproj", "{869C9288-DBDD-A694-5E77-78B086B6FA35}"
EndProject
Project("{FAE04EC0-301F-11D3-BF4B-00C04F79EFBC}") = "EventService.Infrastructure", "src\EventService\EventService.Infrastructure\EventService.Infrastructure.csproj", "{F373610E-7B1E-C016-B481-DAAB399845F2}"
EndProject
Project("{2150E333-8FDC-42A3-9474-1A3956D46DE8}") = "EventService", "EventService", "{4CF4740B-BC9C-432E-9CFB-076AC9F42AA7}"
EndProject
Project("{2150E333-8FDC-42A3-9474-1A3956D46DE8}") = "ClubService", "ClubService", "{E631AE93-D08E-4D63-B9A3-91987C50747F}"
EndProject
Project("{FAE04EC0-301F-11D3-BF4B-00C04F79EFBC}") = "ClubService.Api", "src\ClubService\ClubService.Api\ClubService.Api.csproj", "{BECB3450-7470-4832-FFB5-50038EC42A77}"
EndProject
Project("{FAE04EC0-301F-11D3-BF4B-00C04F79EFBC}") = "ClubService.Application", "src\ClubService\ClubService.Application\ClubService.Application.csproj", "{D767CE8E-29DE-C902-9652-11FB04C6877D}"
EndProject
Project("{FAE04EC0-301F-11D3-BF4B-00C04F79EFBC}") = "ClubService.Domain", "src\ClubService\ClubService.Domain\ClubService.Domain.csproj", "{D723B0BE-D73F-4EEC-64F8-087DD14DE73D}"
EndProject
Project("{FAE04EC0-301F-11D3-BF4B-00C04F79EFBC}") = "ClubService.Contracts", "src\ClubService\ClubService.Contracts\ClubService.Contracts.csproj", "{F6A7A6D8-7506-7378-9D9F-83B3FC158709}"
EndProject
Project("{FAE04EC0-301F-11D3-BF4B-00C04F79EFBC}") = "ClubService.Infrastructure", "src\ClubService\ClubService.Infrastructure\ClubService.Infrastructure.csproj", "{F2B92914-1E8B-6751-E6E6-4E6187943649}"
EndProject
Project("{2150E333-8FDC-42A3-9474-1A3956D46DE8}") = "UserService", "UserService", "{731E7D07-DD74-1DB8-0E2A-ED3ACFB8A2AD}"
EndProject
Project("{FAE04EC0-301F-11D3-BF4B-00C04F79EFBC}") = "UserService.Api", "src\UserService\UserService.Api\UserService.Api.csproj", "{4445E7EC-D5D3-4F34-A8B3-E35B016F8288}"
EndProject
Project("{FAE04EC0-301F-11D3-BF4B-00C04F79EFBC}") = "UserService.Application", "src\UserService\UserService.Application\UserService.Application.csproj", "{FE2FD7A2-0D61-4B77-BC1C-38432C05DF2B}"
EndProject
Project("{FAE04EC0-301F-11D3-BF4B-00C04F79EFBC}") = "UserService.Domain", "src\UserService\UserService.Domain\UserService.Domain.csproj", "{E566E5AF-9841-4882-B313-B444728123BF}"
EndProject
Project("{FAE04EC0-301F-11D3-BF4B-00C04F79EFBC}") = "UserService.Contracts", "src\UserService\UserService.Contracts\UserService.Contracts.csproj", "{6053C325-5083-4CF3-BE6F-0685AD837D77}"
EndProject
Project("{FAE04EC0-301F-11D3-BF4B-00C04F79EFBC}") = "UserService.Infrastructure", "src\UserService\UserService.Infrastructure\UserService.Infrastructure.csproj", "{758700C4-D044-425A-BD27-0362566D2287}"
EndProject
Project("{2150E333-8FDC-42A3-9474-1A3956D46DE8}") = "AuthService", "AuthService", "{44F91616-7597-4FE6-581E-B8500869832E}"
EndProject
Project("{FAE04EC0-301F-11D3-BF4B-00C04F79EFBC}") = "AuthService.Api", "src\AuthService\AuthService.Api\AuthService.Api.csproj", "{7694893A-EB5D-418F-85C0-ADC2D7F15BC2}"
EndProject
Project("{FAE04EC0-301F-11D3-BF4B-00C04F79EFBC}") = "AuthService.Application", "src\AuthService\AuthService.Application\AuthService.Application.csproj", "{014A0B08-DD7C-4305-8812-CB41911D4769}"
EndProject
Project("{FAE04EC0-301F-11D3-BF4B-00C04F79EFBC}") = "AuthService.Contracts", "src\AuthService\AuthService.Contracts\AuthService.Contracts.csproj", "{89888897-F666-488B-8F58-A7C2262AEB23}"
EndProject
Project("{FAE04EC0-301F-11D3-BF4B-00C04F79EFBC}") = "AuthService.Domain", "src\AuthService\AuthService.Domain\AuthService.Domain.csproj", "{6A749A17-4139-4CA3-B807-16004886C28F}"
EndProject
Project("{FAE04EC0-301F-11D3-BF4B-00C04F79EFBC}") = "AuthService.Infrastructure", "src\AuthService\AuthService.Infrastructure\AuthService.Infrastructure.csproj", "{E3648510-8CA8-442B-9DC3-67127ABA64A0}"
EndProject
Global
	GlobalSection(SolutionConfigurationPlatforms) = preSolution
		Debug|Any CPU = Debug|Any CPU
		Debug|x64 = Debug|x64
		Debug|x86 = Debug|x86
		Release|Any CPU = Release|Any CPU
		Release|x64 = Release|x64
		Release|x86 = Release|x86
	EndGlobalSection
	GlobalSection(ProjectConfigurationPlatforms) = postSolution
		{C4D3E2F1-A1B2-4C3D-8E9F-0A1B2C3D4E5F}.Debug|Any CPU.ActiveCfg = Debug|Any CPU
		{C4D3E2F1-A1B2-4C3D-8E9F-0A1B2C3D4E5F}.Debug|Any CPU.Build.0 = Debug|Any CPU
		{C4D3E2F1-A1B2-4C3D-8E9F-0A1B2C3D4E5F}.Debug|x64.ActiveCfg = Debug|Any CPU
		{C4D3E2F1-A1B2-4C3D-8E9F-0A1B2C3D4E5F}.Debug|x64.Build.0 = Debug|Any CPU
		{C4D3E2F1-A1B2-4C3D-8E9F-0A1B2C3D4E5F}.Debug|x86.ActiveCfg = Debug|Any CPU
		{C4D3E2F1-A1B2-4C3D-8E9F-0A1B2C3D4E5F}.Debug|x86.Build.0 = Debug|Any CPU
		{C4D3E2F1-A1B2-4C3D-8E9F-0A1B2C3D4E5F}.Release|Any CPU.ActiveCfg = Release|Any CPU
		{C4D3E2F1-A1B2-4C3D-8E9F-0A1B2C3D4E5F}.Release|Any CPU.Build.0 = Release|Any CPU
		{C4D3E2F1-A1B2-4C3D-8E9F-0A1B2C3D4E5F}.Release|x64.ActiveCfg = Release|Any CPU
		{C4D3E2F1-A1B2-4C3D-8E9F-0A1B2C3D4E5F}.Release|x64.Build.0 = Release|Any CPU
		{C4D3E2F1-A1B2-4C3D-8E9F-0A1B2C3D4E5F}.Release|x86.ActiveCfg = Release|Any CPU
		{C4D3E2F1-A1B2-4C3D-8E9F-0A1B2C3D4E5F}.Release|x86.Build.0 = Release|Any CPU
		{9FDF85B4-FD0B-5564-0CA5-18307D97201B}.Debug|Any CPU.ActiveCfg = Debug|Any CPU
		{9FDF85B4-FD0B-5564-0CA5-18307D97201B}.Debug|Any CPU.Build.0 = Debug|Any CPU
		{9FDF85B4-FD0B-5564-0CA5-18307D97201B}.Debug|x64.ActiveCfg = Debug|Any CPU
		{9FDF85B4-FD0B-5564-0CA5-18307D97201B}.Debug|x64.Build.0 = Debug|Any CPU
		{9FDF85B4-FD0B-5564-0CA5-18307D97201B}.Debug|x86.ActiveCfg = Debug|Any CPU
		{9FDF85B4-FD0B-5564-0CA5-18307D97201B}.Debug|x86.Build.0 = Debug|Any CPU
		{9FDF85B4-FD0B-5564-0CA5-18307D97201B}.Release|Any CPU.ActiveCfg = Release|Any CPU
		{9FDF85B4-FD0B-5564-0CA5-18307D97201B}.Release|Any CPU.Build.0 = Release|Any CPU
		{9FDF85B4-FD0B-5564-0CA5-18307D97201B}.Release|x64.ActiveCfg = Release|Any CPU
		{9FDF85B4-FD0B-5564-0CA5-18307D97201B}.Release|x64.Build.0 = Release|Any CPU
		{9FDF85B4-FD0B-5564-0CA5-18307D97201B}.Release|x86.ActiveCfg = Release|Any CPU
		{9FDF85B4-FD0B-5564-0CA5-18307D97201B}.Release|x86.Build.0 = Release|Any CPU
		{B0BD6ACB-DC6A-B021-366C-597D94D62C83}.Debug|Any CPU.ActiveCfg = Debug|Any CPU
		{B0BD6ACB-DC6A-B021-366C-597D94D62C83}.Debug|Any CPU.Build.0 = Debug|Any CPU
		{B0BD6ACB-DC6A-B021-366C-597D94D62C83}.Debug|x64.ActiveCfg = Debug|Any CPU
		{B0BD6ACB-DC6A-B021-366C-597D94D62C83}.Debug|x64.Build.0 = Debug|Any CPU
		{B0BD6ACB-DC6A-B021-366C-597D94D62C83}.Debug|x86.ActiveCfg = Debug|Any CPU
		{B0BD6ACB-DC6A-B021-366C-597D94D62C83}.Debug|x86.Build.0 = Debug|Any CPU
		{B0BD6ACB-DC6A-B021-366C-597D94D62C83}.Release|Any CPU.ActiveCfg = Release|Any CPU
		{B0BD6ACB-DC6A-B021-366C-597D94D62C83}.Release|Any CPU.Build.0 = Release|Any CPU
		{B0BD6ACB-DC6A-B021-366C-597D94D62C83}.Release|x64.ActiveCfg = Release|Any CPU
		{B0BD6ACB-DC6A-B021-366C-597D94D62C83}.Release|x64.Build.0 = Release|Any CPU
		{B0BD6ACB-DC6A-B021-366C-597D94D62C83}.Release|x86.ActiveCfg = Release|Any CPU
		{B0BD6ACB-DC6A-B021-366C-597D94D62C83}.Release|x86.Build.0 = Release|Any CPU
		{2A79280E-CA1E-8B09-51ED-AF5A39F8C570}.Debug|Any CPU.ActiveCfg = Debug|Any CPU
		{2A79280E-CA1E-8B09-51ED-AF5A39F8C570}.Debug|Any CPU.Build.0 = Debug|Any CPU
		{2A79280E-CA1E-8B09-51ED-AF5A39F8C570}.Debug|x64.ActiveCfg = Debug|Any CPU
		{2A79280E-CA1E-8B09-51ED-AF5A39F8C570}.Debug|x64.Build.0 = Debug|Any CPU
		{2A79280E-CA1E-8B09-51ED-AF5A39F8C570}.Debug|x86.ActiveCfg = Debug|Any CPU
		{2A79280E-CA1E-8B09-51ED-AF5A39F8C570}.Debug|x86.Build.0 = Debug|Any CPU
		{2A79280E-CA1E-8B09-51ED-AF5A39F8C570}.Release|Any CPU.ActiveCfg = Release|Any CPU
		{2A79280E-CA1E-8B09-51ED-AF5A39F8C570}.Release|Any CPU.Build.0 = Release|Any CPU
		{2A79280E-CA1E-8B09-51ED-AF5A39F8C570}.Release|x64.ActiveCfg = Release|Any CPU
		{2A79280E-CA1E-8B09-51ED-AF5A39F8C570}.Release|x64.Build.0 = Release|Any CPU
		{2A79280E-CA1E-8B09-51ED-AF5A39F8C570}.Release|x86.ActiveCfg = Release|Any CPU
		{2A79280E-CA1E-8B09-51ED-AF5A39F8C570}.Release|x86.Build.0 = Release|Any CPU
		{869C9288-DBDD-A694-5E77-78B086B6FA35}.Debug|Any CPU.ActiveCfg = Debug|Any CPU
		{869C9288-DBDD-A694-5E77-78B086B6FA35}.Debug|Any CPU.Build.0 = Debug|Any CPU
		{869C9288-DBDD-A694-5E77-78B086B6FA35}.Debug|x64.ActiveCfg = Debug|Any CPU
		{869C9288-DBDD-A694-5E77-78B086B6FA35}.Debug|x64.Build.0 = Debug|Any CPU
		{869C9288-DBDD-A694-5E77-78B086B6FA35}.Debug|x86.ActiveCfg = Debug|Any CPU
		{869C9288-DBDD-A694-5E77-78B086B6FA35}.Debug|x86.Build.0 = Debug|Any CPU
		{869C9288-DBDD-A694-5E77-78B086B6FA35}.Release|Any CPU.ActiveCfg = Release|Any CPU
		{869C9288-DBDD-A694-5E77-78B086B6FA35}.Release|Any CPU.Build.0 = Release|Any CPU
		{869C9288-DBDD-A694-5E77-78B086B6FA35}.Release|x64.ActiveCfg = Release|Any CPU
		{869C9288-DBDD-A694-5E77-78B086B6FA35}.Release|x64.Build.0 = Release|Any CPU
		{869C9288-DBDD-A694-5E77-78B086B6FA35}.Release|x86.ActiveCfg = Release|Any CPU
		{869C9288-DBDD-A694-5E77-78B086B6FA35}.Release|x86.Build.0 = Release|Any CPU
		{F373610E-7B1E-C016-B481-DAAB399845F2}.Debug|Any CPU.ActiveCfg = Debug|Any CPU
		{F373610E-7B1E-C016-B481-DAAB399845F2}.Debug|Any CPU.Build.0 = Debug|Any CPU
		{F373610E-7B1E-C016-B481-DAAB399845F2}.Debug|x64.ActiveCfg = Debug|Any CPU
		{F373610E-7B1E-C016-B481-DAAB399845F2}.Debug|x64.Build.0 = Debug|Any CPU
		{F373610E-7B1E-C016-B481-DAAB399845F2}.Debug|x86.ActiveCfg = Debug|Any CPU
		{F373610E-7B1E-C016-B481-DAAB399845F2}.Debug|x86.Build.0 = Debug|Any CPU
		{F373610E-7B1E-C016-B481-DAAB399845F2}.Release|Any CPU.ActiveCfg = Release|Any CPU
		{F373610E-7B1E-C016-B481-DAAB399845F2}.Release|Any CPU.Build.0 = Release|Any CPU
		{F373610E-7B1E-C016-B481-DAAB399845F2}.Release|x64.ActiveCfg = Release|Any CPU
		{F373610E-7B1E-C016-B481-DAAB399845F2}.Release|x64.Build.0 = Release|Any CPU
		{F373610E-7B1E-C016-B481-DAAB399845F2}.Release|x86.ActiveCfg = Release|Any CPU
		{F373610E-7B1E-C016-B481-DAAB399845F2}.Release|x86.Build.0 = Release|Any CPU
		{BECB3450-7470-4832-FFB5-50038EC42A77}.Debug|Any CPU.ActiveCfg = Debug|Any CPU
		{BECB3450-7470-4832-FFB5-50038EC42A77}.Debug|Any CPU.Build.0 = Debug|Any CPU
		{BECB3450-7470-4832-FFB5-50038EC42A77}.Debug|x64.ActiveCfg = Debug|Any CPU
		{BECB3450-7470-4832-FFB5-50038EC42A77}.Debug|x64.Build.0 = Debug|Any CPU
		{BECB3450-7470-4832-FFB5-50038EC42A77}.Debug|x86.ActiveCfg = Debug|Any CPU
		{BECB3450-7470-4832-FFB5-50038EC42A77}.Debug|x86.Build.0 = Debug|Any CPU
		{BECB3450-7470-4832-FFB5-50038EC42A77}.Release|Any CPU.ActiveCfg = Release|Any CPU
		{BECB3450-7470-4832-FFB5-50038EC42A77}.Release|Any CPU.Build.0 = Release|Any CPU
		{BECB3450-7470-4832-FFB5-50038EC42A77}.Release|x64.ActiveCfg = Release|Any CPU
		{BECB3450-7470-4832-FFB5-50038EC42A77}.Release|x64.Build.0 = Release|Any CPU
		{BECB3450-7470-4832-FFB5-50038EC42A77}.Release|x86.ActiveCfg = Release|Any CPU
		{BECB3450-7470-4832-FFB5-50038EC42A77}.Release|x86.Build.0 = Release|Any CPU
		{D767CE8E-29DE-C902-9652-11FB04C6877D}.Debug|Any CPU.ActiveCfg = Debug|Any CPU
		{D767CE8E-29DE-C902-9652-11FB04C6877D}.Debug|Any CPU.Build.0 = Debug|Any CPU
		{D767CE8E-29DE-C902-9652-11FB04C6877D}.Debug|x64.ActiveCfg = Debug|Any CPU
		{D767CE8E-29DE-C902-9652-11FB04C6877D}.Debug|x64.Build.0 = Debug|Any CPU
		{D767CE8E-29DE-C902-9652-11FB04C6877D}.Debug|x86.ActiveCfg = Debug|Any CPU
		{D767CE8E-29DE-C902-9652-11FB04C6877D}.Debug|x86.Build.0 = Debug|Any CPU
		{D767CE8E-29DE-C902-9652-11FB04C6877D}.Release|Any CPU.ActiveCfg = Release|Any CPU
		{D767CE8E-29DE-C902-9652-11FB04C6877D}.Release|Any CPU.Build.0 = Release|Any CPU
		{D767CE8E-29DE-C902-9652-11FB04C6877D}.Release|x64.ActiveCfg = Release|Any CPU
		{D767CE8E-29DE-C902-9652-11FB04C6877D}.Release|x64.Build.0 = Release|Any CPU
		{D767CE8E-29DE-C902-9652-11FB04C6877D}.Release|x86.ActiveCfg = Release|Any CPU
		{D767CE8E-29DE-C902-9652-11FB04C6877D}.Release|x86.Build.0 = Release|Any CPU
		{D723B0BE-D73F-4EEC-64F8-087DD14DE73D}.Debug|Any CPU.ActiveCfg = Debug|Any CPU
		{D723B0BE-D73F-4EEC-64F8-087DD14DE73D}.Debug|Any CPU.Build.0 = Debug|Any CPU
		{D723B0BE-D73F-4EEC-64F8-087DD14DE73D}.Debug|x64.ActiveCfg = Debug|Any CPU
		{D723B0BE-D73F-4EEC-64F8-087DD14DE73D}.Debug|x64.Build.0 = Debug|Any CPU
		{D723B0BE-D73F-4EEC-64F8-087DD14DE73D}.Debug|x86.ActiveCfg = Debug|Any CPU
		{D723B0BE-D73F-4EEC-64F8-087DD14DE73D}.Debug|x86.Build.0 = Debug|Any CPU
		{D723B0BE-D73F-4EEC-64F8-087DD14DE73D}.Release|Any CPU.ActiveCfg = Release|Any CPU
		{D723B0BE-D73F-4EEC-64F8-087DD14DE73D}.Release|Any CPU.Build.0 = Release|Any CPU
		{D723B0BE-D73F-4EEC-64F8-087DD14DE73D}.Release|x64.ActiveCfg = Release|Any CPU
		{D723B0BE-D73F-4EEC-64F8-087DD14DE73D}.Release|x64.Build.0 = Release|Any CPU
		{D723B0BE-D73F-4EEC-64F8-087DD14DE73D}.Release|x86.ActiveCfg = Release|Any CPU
		{D723B0BE-D73F-4EEC-64F8-087DD14DE73D}.Release|x86.Build.0 = Release|Any CPU
		{F6A7A6D8-7506-7378-9D9F-83B3FC158709}.Debug|Any CPU.ActiveCfg = Debug|Any CPU
		{F6A7A6D8-7506-7378-9D9F-83B3FC158709}.Debug|Any CPU.Build.0 = Debug|Any CPU
		{F6A7A6D8-7506-7378-9D9F-83B3FC158709}.Debug|x64.ActiveCfg = Debug|Any CPU
		{F6A7A6D8-7506-7378-9D9F-83B3FC158709}.Debug|x64.Build.0 = Debug|Any CPU
		{F6A7A6D8-7506-7378-9D9F-83B3FC158709}.Debug|x86.ActiveCfg = Debug|Any CPU
		{F6A7A6D8-7506-7378-9D9F-83B3FC158709}.Debug|x86.Build.0 = Debug|Any CPU
		{F6A7A6D8-7506-7378-9D9F-83B3FC158709}.Release|Any CPU.ActiveCfg = Release|Any CPU
		{F6A7A6D8-7506-7378-9D9F-83B3FC158709}.Release|Any CPU.Build.0 = Release|Any CPU
		{F6A7A6D8-7506-7378-9D9F-83B3FC158709}.Release|x64.ActiveCfg = Release|Any CPU
		{F6A7A6D8-7506-7378-9D9F-83B3FC158709}.Release|x64.Build.0 = Release|Any CPU
		{F6A7A6D8-7506-7378-9D9F-83B3FC158709}.Release|x86.ActiveCfg = Release|Any CPU
		{F6A7A6D8-7506-7378-9D9F-83B3FC158709}.Release|x86.Build.0 = Release|Any CPU
		{F2B92914-1E8B-6751-E6E6-4E6187943649}.Debug|Any CPU.ActiveCfg = Debug|Any CPU
		{F2B92914-1E8B-6751-E6E6-4E6187943649}.Debug|Any CPU.Build.0 = Debug|Any CPU
		{F2B92914-1E8B-6751-E6E6-4E6187943649}.Debug|x64.ActiveCfg = Debug|Any CPU
		{F2B92914-1E8B-6751-E6E6-4E6187943649}.Debug|x64.Build.0 = Debug|Any CPU
		{F2B92914-1E8B-6751-E6E6-4E6187943649}.Debug|x86.ActiveCfg = Debug|Any CPU
		{F2B92914-1E8B-6751-E6E6-4E6187943649}.Debug|x86.Build.0 = Debug|Any CPU
		{F2B92914-1E8B-6751-E6E6-4E6187943649}.Release|Any CPU.ActiveCfg = Release|Any CPU
		{F2B92914-1E8B-6751-E6E6-4E6187943649}.Release|Any CPU.Build.0 = Release|Any CPU
		{F2B92914-1E8B-6751-E6E6-4E6187943649}.Release|x64.ActiveCfg = Release|Any CPU
		{F2B92914-1E8B-6751-E6E6-4E6187943649}.Release|x64.Build.0 = Release|Any CPU
		{F2B92914-1E8B-6751-E6E6-4E6187943649}.Release|x86.ActiveCfg = Release|Any CPU
		{F2B92914-1E8B-6751-E6E6-4E6187943649}.Release|x86.Build.0 = Release|Any CPU
		{4445E7EC-D5D3-4F34-A8B3-E35B016F8288}.Debug|Any CPU.ActiveCfg = Debug|Any CPU
		{4445E7EC-D5D3-4F34-A8B3-E35B016F8288}.Debug|Any CPU.Build.0 = Debug|Any CPU
		{4445E7EC-D5D3-4F34-A8B3-E35B016F8288}.Debug|x64.ActiveCfg = Debug|Any CPU
		{4445E7EC-D5D3-4F34-A8B3-E35B016F8288}.Debug|x64.Build.0 = Debug|Any CPU
		{4445E7EC-D5D3-4F34-A8B3-E35B016F8288}.Debug|x86.ActiveCfg = Debug|Any CPU
		{4445E7EC-D5D3-4F34-A8B3-E35B016F8288}.Debug|x86.Build.0 = Debug|Any CPU
		{4445E7EC-D5D3-4F34-A8B3-E35B016F8288}.Release|Any CPU.ActiveCfg = Release|Any CPU
		{4445E7EC-D5D3-4F34-A8B3-E35B016F8288}.Release|Any CPU.Build.0 = Release|Any CPU
		{4445E7EC-D5D3-4F34-A8B3-E35B016F8288}.Release|x64.ActiveCfg = Release|Any CPU
		{4445E7EC-D5D3-4F34-A8B3-E35B016F8288}.Release|x64.Build.0 = Release|Any CPU
		{4445E7EC-D5D3-4F34-A8B3-E35B016F8288}.Release|x86.ActiveCfg = Release|Any CPU
		{4445E7EC-D5D3-4F34-A8B3-E35B016F8288}.Release|x86.Build.0 = Release|Any CPU
		{FE2FD7A2-0D61-4B77-BC1C-38432C05DF2B}.Debug|Any CPU.ActiveCfg = Debug|Any CPU
		{FE2FD7A2-0D61-4B77-BC1C-38432C05DF2B}.Debug|Any CPU.Build.0 = Debug|Any CPU
		{FE2FD7A2-0D61-4B77-BC1C-38432C05DF2B}.Debug|x64.ActiveCfg = Debug|Any CPU
		{FE2FD7A2-0D61-4B77-BC1C-38432C05DF2B}.Debug|x64.Build.0 = Debug|Any CPU
		{FE2FD7A2-0D61-4B77-BC1C-38432C05DF2B}.Debug|x86.ActiveCfg = Debug|Any CPU
		{FE2FD7A2-0D61-4B77-BC1C-38432C05DF2B}.Debug|x86.Build.0 = Debug|Any CPU
		{FE2FD7A2-0D61-4B77-BC1C-38432C05DF2B}.Release|Any CPU.ActiveCfg = Release|Any CPU
		{FE2FD7A2-0D61-4B77-BC1C-38432C05DF2B}.Release|Any CPU.Build.0 = Release|Any CPU
		{FE2FD7A2-0D61-4B77-BC1C-38432C05DF2B}.Release|x64.ActiveCfg = Release|Any CPU
		{FE2FD7A2-0D61-4B77-BC1C-38432C05DF2B}.Release|x64.Build.0 = Release|Any CPU
		{FE2FD7A2-0D61-4B77-BC1C-38432C05DF2B}.Release|x86.ActiveCfg = Release|Any CPU
		{FE2FD7A2-0D61-4B77-BC1C-38432C05DF2B}.Release|x86.Build.0 = Release|Any CPU
		{E566E5AF-9841-4882-B313-B444728123BF}.Debug|Any CPU.ActiveCfg = Debug|Any CPU
		{E566E5AF-9841-4882-B313-B444728123BF}.Debug|Any CPU.Build.0 = Debug|Any CPU
		{E566E5AF-9841-4882-B313-B444728123BF}.Debug|x64.ActiveCfg = Debug|Any CPU
		{E566E5AF-9841-4882-B313-B444728123BF}.Debug|x64.Build.0 = Debug|Any CPU
		{E566E5AF-9841-4882-B313-B444728123BF}.Debug|x86.ActiveCfg = Debug|Any CPU
		{E566E5AF-9841-4882-B313-B444728123BF}.Debug|x86.Build.0 = Debug|Any CPU
		{E566E5AF-9841-4882-B313-B444728123BF}.Release|Any CPU.ActiveCfg = Release|Any CPU
		{E566E5AF-9841-4882-B313-B444728123BF}.Release|Any CPU.Build.0 = Release|Any CPU
		{E566E5AF-9841-4882-B313-B444728123BF}.Release|x64.ActiveCfg = Release|Any CPU
		{E566E5AF-9841-4882-B313-B444728123BF}.Release|x64.Build.0 = Release|Any CPU
		{E566E5AF-9841-4882-B313-B444728123BF}.Release|x86.ActiveCfg = Release|Any CPU
		{E566E5AF-9841-4882-B313-B444728123BF}.Release|x86.Build.0 = Release|Any CPU
		{6053C325-5083-4CF3-BE6F-0685AD837D77}.Debug|Any CPU.ActiveCfg = Debug|Any CPU
		{6053C325-5083-4CF3-BE6F-0685AD837D77}.Debug|Any CPU.Build.0 = Debug|Any CPU
		{6053C325-5083-4CF3-BE6F-0685AD837D77}.Debug|x64.ActiveCfg = Debug|Any CPU
		{6053C325-5083-4CF3-BE6F-0685AD837D77}.Debug|x64.Build.0 = Debug|Any CPU
		{6053C325-5083-4CF3-BE6F-0685AD837D77}.Debug|x86.ActiveCfg = Debug|Any CPU
		{6053C325-5083-4CF3-BE6F-0685AD837D77}.Debug|x86.Build.0 = Debug|Any CPU
		{6053C325-5083-4CF3-BE6F-0685AD837D77}.Release|Any CPU.ActiveCfg = Release|Any CPU
		{6053C325-5083-4CF3-BE6F-0685AD837D77}.Release|Any CPU.Build.0 = Release|Any CPU
		{6053C325-5083-4CF3-BE6F-0685AD837D77}.Release|x64.ActiveCfg = Release|Any CPU
		{6053C325-5083-4CF3-BE6F-0685AD837D77}.Release|x64.Build.0 = Release|Any CPU
		{6053C325-5083-4CF3-BE6F-0685AD837D77}.Release|x86.ActiveCfg = Release|Any CPU
		{6053C325-5083-4CF3-BE6F-0685AD837D77}.Release|x86.Build.0 = Release|Any CPU
		{758700C4-D044-425A-BD27-0362566D2287}.Debug|Any CPU.ActiveCfg = Debug|Any CPU
		{758700C4-D044-425A-BD27-0362566D2287}.Debug|Any CPU.Build.0 = Debug|Any CPU
		{758700C4-D044-425A-BD27-0362566D2287}.Debug|x64.ActiveCfg = Debug|Any CPU
		{758700C4-D044-425A-BD27-0362566D2287}.Debug|x64.Build.0 = Debug|Any CPU
		{758700C4-D044-425A-BD27-0362566D2287}.Debug|x86.ActiveCfg = Debug|Any CPU
		{758700C4-D044-425A-BD27-0362566D2287}.Debug|x86.Build.0 = Debug|Any CPU
		{758700C4-D044-425A-BD27-0362566D2287}.Release|Any CPU.ActiveCfg = Release|Any CPU
		{758700C4-D044-425A-BD27-0362566D2287}.Release|Any CPU.Build.0 = Release|Any CPU
		{758700C4-D044-425A-BD27-0362566D2287}.Release|x64.ActiveCfg = Release|Any CPU
		{758700C4-D044-425A-BD27-0362566D2287}.Release|x64.Build.0 = Release|Any CPU
		{758700C4-D044-425A-BD27-0362566D2287}.Release|x86.ActiveCfg = Release|Any CPU
		{758700C4-D044-425A-BD27-0362566D2287}.Release|x86.Build.0 = Release|Any CPU
		{7694893A-EB5D-418F-85C0-ADC2D7F15BC2}.Debug|Any CPU.ActiveCfg = Debug|Any CPU
		{7694893A-EB5D-418F-85C0-ADC2D7F15BC2}.Debug|Any CPU.Build.0 = Debug|Any CPU
		{7694893A-EB5D-418F-85C0-ADC2D7F15BC2}.Debug|x64.ActiveCfg = Debug|Any CPU
		{7694893A-EB5D-418F-85C0-ADC2D7F15BC2}.Debug|x64.Build.0 = Debug|Any CPU
		{7694893A-EB5D-418F-85C0-ADC2D7F15BC2}.Debug|x86.ActiveCfg = Debug|Any CPU
		{7694893A-EB5D-418F-85C0-ADC2D7F15BC2}.Debug|x86.Build.0 = Debug|Any CPU
		{7694893A-EB5D-418F-85C0-ADC2D7F15BC2}.Release|Any CPU.ActiveCfg = Release|Any CPU
		{7694893A-EB5D-418F-85C0-ADC2D7F15BC2}.Release|Any CPU.Build.0 = Release|Any CPU
		{7694893A-EB5D-418F-85C0-ADC2D7F15BC2}.Release|x64.ActiveCfg = Release|Any CPU
		{7694893A-EB5D-418F-85C0-ADC2D7F15BC2}.Release|x64.Build.0 = Release|Any CPU
		{7694893A-EB5D-418F-85C0-ADC2D7F15BC2}.Release|x86.ActiveCfg = Release|Any CPU
		{7694893A-EB5D-418F-85C0-ADC2D7F15BC2}.Release|x86.Build.0 = Release|Any CPU
		{014A0B08-DD7C-4305-8812-CB41911D4769}.Debug|Any CPU.ActiveCfg = Debug|Any CPU
		{014A0B08-DD7C-4305-8812-CB41911D4769}.Debug|Any CPU.Build.0 = Debug|Any CPU
		{014A0B08-DD7C-4305-8812-CB41911D4769}.Debug|x64.ActiveCfg = Debug|Any CPU
		{014A0B08-DD7C-4305-8812-CB41911D4769}.Debug|x64.Build.0 = Debug|Any CPU
		{014A0B08-DD7C-4305-8812-CB41911D4769}.Debug|x86.ActiveCfg = Debug|Any CPU
		{014A0B08-DD7C-4305-8812-CB41911D4769}.Debug|x86.Build.0 = Debug|Any CPU
		{014A0B08-DD7C-4305-8812-CB41911D4769}.Release|Any CPU.ActiveCfg = Release|Any CPU
		{014A0B08-DD7C-4305-8812-CB41911D4769}.Release|Any CPU.Build.0 = Release|Any CPU
		{014A0B08-DD7C-4305-8812-CB41911D4769}.Release|x64.ActiveCfg = Release|Any CPU
		{014A0B08-DD7C-4305-8812-CB41911D4769}.Release|x64.Build.0 = Release|Any CPU
		{014A0B08-DD7C-4305-8812-CB41911D4769}.Release|x86.ActiveCfg = Release|Any CPU
		{014A0B08-DD7C-4305-8812-CB41911D4769}.Release|x86.Build.0 = Release|Any CPU
		{89888897-F666-488B-8F58-A7C2262AEB23}.Debug|Any CPU.ActiveCfg = Debug|Any CPU
		{89888897-F666-488B-8F58-A7C2262AEB23}.Debug|Any CPU.Build.0 = Debug|Any CPU
		{89888897-F666-488B-8F58-A7C2262AEB23}.Debug|x64.ActiveCfg = Debug|Any CPU
		{89888897-F666-488B-8F58-A7C2262AEB23}.Debug|x64.Build.0 = Debug|Any CPU
		{89888897-F666-488B-8F58-A7C2262AEB23}.Debug|x86.ActiveCfg = Debug|Any CPU
		{89888897-F666-488B-8F58-A7C2262AEB23}.Debug|x86.Build.0 = Debug|Any CPU
		{89888897-F666-488B-8F58-A7C2262AEB23}.Release|Any CPU.ActiveCfg = Release|Any CPU
		{89888897-F666-488B-8F58-A7C2262AEB23}.Release|Any CPU.Build.0 = Release|Any CPU
		{89888897-F666-488B-8F58-A7C2262AEB23}.Release|x64.ActiveCfg = Release|Any CPU
		{89888897-F666-488B-8F58-A7C2262AEB23}.Release|x64.Build.0 = Release|Any CPU
		{89888897-F666-488B-8F58-A7C2262AEB23}.Release|x86.ActiveCfg = Release|Any CPU
		{89888897-F666-488B-8F58-A7C2262AEB23}.Release|x86.Build.0 = Release|Any CPU
		{6A749A17-4139-4CA3-B807-16004886C28F}.Debug|Any CPU.ActiveCfg = Debug|Any CPU
		{6A749A17-4139-4CA3-B807-16004886C28F}.Debug|Any CPU.Build.0 = Debug|Any CPU
		{6A749A17-4139-4CA3-B807-16004886C28F}.Debug|x64.ActiveCfg = Debug|Any CPU
		{6A749A17-4139-4CA3-B807-16004886C28F}.Debug|x64.Build.0 = Debug|Any CPU
		{6A749A17-4139-4CA3-B807-16004886C28F}.Debug|x86.ActiveCfg = Debug|Any CPU
		{6A749A17-4139-4CA3-B807-16004886C28F}.Debug|x86.Build.0 = Debug|Any CPU
		{6A749A17-4139-4CA3-B807-16004886C28F}.Release|Any CPU.ActiveCfg = Release|Any CPU
		{6A749A17-4139-4CA3-B807-16004886C28F}.Release|Any CPU.Build.0 = Release|Any CPU
		{6A749A17-4139-4CA3-B807-16004886C28F}.Release|x64.ActiveCfg = Release|Any CPU
		{6A749A17-4139-4CA3-B807-16004886C28F}.Release|x64.Build.0 = Release|Any CPU
		{6A749A17-4139-4CA3-B807-16004886C28F}.Release|x86.ActiveCfg = Release|Any CPU
		{6A749A17-4139-4CA3-B807-16004886C28F}.Release|x86.Build.0 = Release|Any CPU
		{E3648510-8CA8-442B-9DC3-67127ABA64A0}.Debug|Any CPU.ActiveCfg = Debug|Any CPU
		{E3648510-8CA8-442B-9DC3-67127ABA64A0}.Debug|Any CPU.Build.0 = Debug|Any CPU
		{E3648510-8CA8-442B-9DC3-67127ABA64A0}.Debug|x64.ActiveCfg = Debug|Any CPU
		{E3648510-8CA8-442B-9DC3-67127ABA64A0}.Debug|x64.Build.0 = Debug|Any CPU
		{E3648510-8CA8-442B-9DC3-67127ABA64A0}.Debug|x86.ActiveCfg = Debug|Any CPU
		{E3648510-8CA8-442B-9DC3-67127ABA64A0}.Debug|x86.Build.0 = Debug|Any CPU
		{E3648510-8CA8-442B-9DC3-67127ABA64A0}.Release|Any CPU.ActiveCfg = Release|Any CPU
		{E3648510-8CA8-442B-9DC3-67127ABA64A0}.Release|Any CPU.Build.0 = Release|Any CPU
		{E3648510-8CA8-442B-9DC3-67127ABA64A0}.Release|x64.ActiveCfg = Release|Any CPU
		{E3648510-8CA8-442B-9DC3-67127ABA64A0}.Release|x64.Build.0 = Release|Any CPU
		{E3648510-8CA8-442B-9DC3-67127ABA64A0}.Release|x86.ActiveCfg = Release|Any CPU
		{E3648510-8CA8-442B-9DC3-67127ABA64A0}.Release|x86.Build.0 = Release|Any CPU
	EndGlobalSection
	GlobalSection(SolutionProperties) = preSolution
		HideSolutionNode = FALSE
	EndGlobalSection
	GlobalSection(NestedProjects) = preSolution
		{9FDF85B4-FD0B-5564-0CA5-18307D97201B} = {4CF4740B-BC9C-432E-9CFB-076AC9F42AA7}
		{B0BD6ACB-DC6A-B021-366C-597D94D62C83} = {4CF4740B-BC9C-432E-9CFB-076AC9F42AA7}
		{2A79280E-CA1E-8B09-51ED-AF5A39F8C570} = {4CF4740B-BC9C-432E-9CFB-076AC9F42AA7}
		{869C9288-DBDD-A694-5E77-78B086B6FA35} = {4CF4740B-BC9C-432E-9CFB-076AC9F42AA7}
		{F373610E-7B1E-C016-B481-DAAB399845F2} = {4CF4740B-BC9C-432E-9CFB-076AC9F42AA7}
		{4CF4740B-BC9C-432E-9CFB-076AC9F42AA7} = {02EA681E-C7D8-13C7-8484-4AC65E1B71E8}
		{E631AE93-D08E-4D63-B9A3-91987C50747F} = {02EA681E-C7D8-13C7-8484-4AC65E1B71E8}
		{BECB3450-7470-4832-FFB5-50038EC42A77} = {E631AE93-D08E-4D63-B9A3-91987C50747F}
		{D767CE8E-29DE-C902-9652-11FB04C6877D} = {E631AE93-D08E-4D63-B9A3-91987C50747F}
		{D723B0BE-D73F-4EEC-64F8-087DD14DE73D} = {E631AE93-D08E-4D63-B9A3-91987C50747F}
		{F6A7A6D8-7506-7378-9D9F-83B3FC158709} = {E631AE93-D08E-4D63-B9A3-91987C50747F}
		{F2B92914-1E8B-6751-E6E6-4E6187943649} = {E631AE93-D08E-4D63-B9A3-91987C50747F}
		{731E7D07-DD74-1DB8-0E2A-ED3ACFB8A2AD} = {02EA681E-C7D8-13C7-8484-4AC65E1B71E8}
		{4445E7EC-D5D3-4F34-A8B3-E35B016F8288} = {731E7D07-DD74-1DB8-0E2A-ED3ACFB8A2AD}
		{FE2FD7A2-0D61-4B77-BC1C-38432C05DF2B} = {731E7D07-DD74-1DB8-0E2A-ED3ACFB8A2AD}
		{E566E5AF-9841-4882-B313-B444728123BF} = {731E7D07-DD74-1DB8-0E2A-ED3ACFB8A2AD}
		{6053C325-5083-4CF3-BE6F-0685AD837D77} = {731E7D07-DD74-1DB8-0E2A-ED3ACFB8A2AD}
		{758700C4-D044-425A-BD27-0362566D2287} = {731E7D07-DD74-1DB8-0E2A-ED3ACFB8A2AD}
		{44F91616-7597-4FE6-581E-B8500869832E} = {02EA681E-C7D8-13C7-8484-4AC65E1B71E8}
		{7694893A-EB5D-418F-85C0-ADC2D7F15BC2} = {44F91616-7597-4FE6-581E-B8500869832E}
		{014A0B08-DD7C-4305-8812-CB41911D4769} = {44F91616-7597-4FE6-581E-B8500869832E}
		{89888897-F666-488B-8F58-A7C2262AEB23} = {44F91616-7597-4FE6-581E-B8500869832E}
		{6A749A17-4139-4CA3-B807-16004886C28F} = {44F91616-7597-4FE6-581E-B8500869832E}
		{E3648510-8CA8-442B-9DC3-67127ABA64A0} = {44F91616-7597-4FE6-581E-B8500869832E}
	EndGlobalSection
	GlobalSection(ExtensibilityGlobals) = postSolution
		SolutionGuid = {55E8815B-C3BE-42A4-BEDD-7EA67F6A3AAE}
	EndGlobalSection
EndGlobal
